// !$*UTF8*$!
{
	archiveVersion = 1;
	classes = {
	};
	objectVersion = 46;
	objects = {

/* Begin PBXBuildFile section */
		972329EA1D55DEFA00E23AA3 /* GameLancherTest.swift in Sources */ = {isa = PBXBuildFile; fileRef = 972329E91D55DEFA00E23AA3 /* GameLancherTest.swift */; };
		972329EC1D56F03E00E23AA3 /* STetromino.swift in Sources */ = {isa = PBXBuildFile; fileRef = 972329EB1D56F03E00E23AA3 /* STetromino.swift */; };
		972329EE1D5888D000E23AA3 /* TimeKeeper.swift in Sources */ = {isa = PBXBuildFile; fileRef = 972329ED1D5888D000E23AA3 /* TimeKeeper.swift */; };
		972329F01D59F3CE00E23AA3 /* DefaultTimeKeeper.swift in Sources */ = {isa = PBXBuildFile; fileRef = 972329EF1D59F3CE00E23AA3 /* DefaultTimeKeeper.swift */; };
		972329F21D5A062400E23AA3 /* SpyTimeKeeper.swift in Sources */ = {isa = PBXBuildFile; fileRef = 972329F11D5A062400E23AA3 /* SpyTimeKeeper.swift */; };
		972329F41D5A081D00E23AA3 /* DefaultTimeKeeperTest.swift in Sources */ = {isa = PBXBuildFile; fileRef = 972329F31D5A081D00E23AA3 /* DefaultTimeKeeperTest.swift */; };
		975349511D43A3530084B569 /* TetrominoGenerator.swift in Sources */ = {isa = PBXBuildFile; fileRef = 975349501D43A3530084B569 /* TetrominoGenerator.swift */; };
		975349531D43A3A50084B569 /* DefaultTetrominoGenerator.swift in Sources */ = {isa = PBXBuildFile; fileRef = 975349521D43A3A50084B569 /* DefaultTetrominoGenerator.swift */; };
		975349551D43B8990084B569 /* SquareTetromino.swift in Sources */ = {isa = PBXBuildFile; fileRef = 975349541D43B8990084B569 /* SquareTetromino.swift */; };
		975349571D4477760084B569 /* Sprites.atlas in Resources */ = {isa = PBXBuildFile; fileRef = 975349561D4477760084B569 /* Sprites.atlas */; };
		9753495B1D44DC320084B569 /* DefaultTetrominoGeneratorTest.swift in Sources */ = {isa = PBXBuildFile; fileRef = 9753495A1D44DC320084B569 /* DefaultTetrominoGeneratorTest.swift */; };
		975C59201D5C09C800B3AB2A /* Launcher.swift in Sources */ = {isa = PBXBuildFile; fileRef = 975C591F1D5C09C800B3AB2A /* Launcher.swift */; };
		975C59221D5C0B0800B3AB2A /* SpyTickHandler.swift in Sources */ = {isa = PBXBuildFile; fileRef = 975C59211D5C0B0800B3AB2A /* SpyTickHandler.swift */; };
		975C59241D5C3D6100B3AB2A /* main.swift in Sources */ = {isa = PBXBuildFile; fileRef = 975C59231D5C3D6100B3AB2A /* main.swift */; };
		975C59261D5C3DA300B3AB2A /* TestingAppDelegate.swift in Sources */ = {isa = PBXBuildFile; fileRef = 975C59251D5C3DA300B3AB2A /* TestingAppDelegate.swift */; };
		977C67261D6838B500E1CE7D /* GameLauncher.swift in Sources */ = {isa = PBXBuildFile; fileRef = 977C67251D6838B500E1CE7D /* GameLauncher.swift */; };
		977C67281D68618800E1CE7D /* DefaultTickHandler.swift in Sources */ = {isa = PBXBuildFile; fileRef = 977C67271D68618800E1CE7D /* DefaultTickHandler.swift */; };
		977C672A1D68A51600E1CE7D /* TickHandler.swift in Sources */ = {isa = PBXBuildFile; fileRef = 977C67291D68A51600E1CE7D /* TickHandler.swift */; };
		977C672C1D68A95000E1CE7D /* SpyLauncher.swift in Sources */ = {isa = PBXBuildFile; fileRef = 977C672B1D68A95000E1CE7D /* SpyLauncher.swift */; };
		97CD4F731D4C5D820055B47C /* SpriteKitTetrominoMoverTest.swift in Sources */ = {isa = PBXBuildFile; fileRef = 97CD4F721D4C5D820055B47C /* SpriteKitTetrominoMoverTest.swift */; };
		97CD4F751D4C5EB20055B47C /* SpriteKitTetrominoMover.swift in Sources */ = {isa = PBXBuildFile; fileRef = 97CD4F741D4C5EB20055B47C /* SpriteKitTetrominoMover.swift */; };
		97CD4F771D4C63260055B47C /* Tetromino.swift in Sources */ = {isa = PBXBuildFile; fileRef = 97CD4F761D4C63260055B47C /* Tetromino.swift */; };
		97D120991D3C820A007A7E2B /* AppDelegate.swift in Sources */ = {isa = PBXBuildFile; fileRef = 97D120981D3C820A007A7E2B /* AppDelegate.swift */; };
		97D120A41D3C820A007A7E2B /* Assets.xcassets in Resources */ = {isa = PBXBuildFile; fileRef = 97D120A31D3C820A007A7E2B /* Assets.xcassets */; };
		97D120B21D3C820A007A7E2B /* GameViewControllerTest.swift in Sources */ = {isa = PBXBuildFile; fileRef = 97D120B11D3C820A007A7E2B /* GameViewControllerTest.swift */; };
		97D120BD1D3C8412007A7E2B /* Default-568h@2x.png in Resources */ = {isa = PBXBuildFile; fileRef = 97D120BC1D3C8412007A7E2B /* Default-568h@2x.png */; };
		97D120C51D3CC485007A7E2B /* GameViewController.swift in Sources */ = {isa = PBXBuildFile; fileRef = 97D120C31D3CC485007A7E2B /* GameViewController.swift */; };
		97D120C91D3CCF68007A7E2B /* Nimble.framework in CopyFiles */ = {isa = PBXBuildFile; fileRef = 97D120C61D3CCEF1007A7E2B /* Nimble.framework */; settings = {ATTRIBUTES = (CodeSignOnCopy, RemoveHeadersOnCopy, ); }; };
		97D120CD1D3CCFE6007A7E2B /* Nimble.framework in CopyFiles */ = {isa = PBXBuildFile; fileRef = 97D120C61D3CCEF1007A7E2B /* Nimble.framework */; settings = {ATTRIBUTES = (CodeSignOnCopy, RemoveHeadersOnCopy, ); }; };
		97D120D21D3CD4C1007A7E2B /* SpriteKitGameView.swift in Sources */ = {isa = PBXBuildFile; fileRef = 97D120D11D3CD4C1007A7E2B /* SpriteKitGameView.swift */; };
		97D120D41D3CD5B8007A7E2B /* SpyGameView.swift in Sources */ = {isa = PBXBuildFile; fileRef = 97D120D31D3CD5B8007A7E2B /* SpyGameView.swift */; };
		97D120D61D3CDE9E007A7E2B /* ExtensionsForTest.swift in Sources */ = {isa = PBXBuildFile; fileRef = 97D120D51D3CDE9E007A7E2B /* ExtensionsForTest.swift */; };
		97D120D81D3D1AC3007A7E2B /* GameView.swift in Sources */ = {isa = PBXBuildFile; fileRef = 97D120D71D3D1AC3007A7E2B /* GameView.swift */; };
		97D120DA1D3D1EF5007A7E2B /* SpriteKitGameViewTest.swift in Sources */ = {isa = PBXBuildFile; fileRef = 97D120D91D3D1EF5007A7E2B /* SpriteKitGameViewTest.swift */; };
		97DC642C1D3F36F900A17A17 /* SpyTetrominoGenerator.swift in Sources */ = {isa = PBXBuildFile; fileRef = 97DC642B1D3F36F900A17A17 /* SpyTetrominoGenerator.swift */; };
		97E0CC681D6C7CB7000B2693 /* DefaultTickHandlerTest.swift in Sources */ = {isa = PBXBuildFile; fileRef = 97E0CC671D6C7CB7000B2693 /* DefaultTickHandlerTest.swift */; };
/* End PBXBuildFile section */

/* Begin PBXContainerItemProxy section */
		97D120AE1D3C820A007A7E2B /* PBXContainerItemProxy */ = {
			isa = PBXContainerItemProxy;
			containerPortal = 97D1208D1D3C820A007A7E2B /* Project object */;
			proxyType = 1;
			remoteGlobalIDString = 97D120941D3C820A007A7E2B;
			remoteInfo = TddTetris;
		};
/* End PBXContainerItemProxy section */

/* Begin PBXCopyFilesBuildPhase section */
		97D120C81D3CCF5E007A7E2B /* CopyFiles */ = {
			isa = PBXCopyFilesBuildPhase;
			buildActionMask = 2147483647;
			dstPath = "";
			dstSubfolderSpec = 10;
			files = (
				97D120C91D3CCF68007A7E2B /* Nimble.framework in CopyFiles */,
			);
			runOnlyForDeploymentPostprocessing = 0;
		};
		97D120CC1D3CCFDE007A7E2B /* CopyFiles */ = {
			isa = PBXCopyFilesBuildPhase;
			buildActionMask = 2147483647;
			dstPath = "";
			dstSubfolderSpec = 10;
			files = (
				97D120CD1D3CCFE6007A7E2B /* Nimble.framework in CopyFiles */,
			);
			runOnlyForDeploymentPostprocessing = 0;
		};
/* End PBXCopyFilesBuildPhase section */

/* Begin PBXFileReference section */
		972329E91D55DEFA00E23AA3 /* GameLancherTest.swift */ = {isa = PBXFileReference; fileEncoding = 4; lastKnownFileType = sourcecode.swift; path = GameLancherTest.swift; sourceTree = "<group>"; };
		972329EB1D56F03E00E23AA3 /* STetromino.swift */ = {isa = PBXFileReference; fileEncoding = 4; lastKnownFileType = sourcecode.swift; path = STetromino.swift; sourceTree = "<group>"; };
		972329ED1D5888D000E23AA3 /* TimeKeeper.swift */ = {isa = PBXFileReference; fileEncoding = 4; lastKnownFileType = sourcecode.swift; path = TimeKeeper.swift; sourceTree = "<group>"; };
		972329EF1D59F3CE00E23AA3 /* DefaultTimeKeeper.swift */ = {isa = PBXFileReference; fileEncoding = 4; lastKnownFileType = sourcecode.swift; path = DefaultTimeKeeper.swift; sourceTree = "<group>"; };
		972329F11D5A062400E23AA3 /* SpyTimeKeeper.swift */ = {isa = PBXFileReference; fileEncoding = 4; lastKnownFileType = sourcecode.swift; path = SpyTimeKeeper.swift; sourceTree = "<group>"; };
		972329F31D5A081D00E23AA3 /* DefaultTimeKeeperTest.swift */ = {isa = PBXFileReference; fileEncoding = 4; lastKnownFileType = sourcecode.swift; path = DefaultTimeKeeperTest.swift; sourceTree = "<group>"; };
		975349501D43A3530084B569 /* TetrominoGenerator.swift */ = {isa = PBXFileReference; fileEncoding = 4; lastKnownFileType = sourcecode.swift; path = TetrominoGenerator.swift; sourceTree = "<group>"; };
		975349521D43A3A50084B569 /* DefaultTetrominoGenerator.swift */ = {isa = PBXFileReference; fileEncoding = 4; lastKnownFileType = sourcecode.swift; path = DefaultTetrominoGenerator.swift; sourceTree = "<group>"; };
		975349541D43B8990084B569 /* SquareTetromino.swift */ = {isa = PBXFileReference; fileEncoding = 4; lastKnownFileType = sourcecode.swift; path = SquareTetromino.swift; sourceTree = "<group>"; };
		975349561D4477760084B569 /* Sprites.atlas */ = {isa = PBXFileReference; lastKnownFileType = folder.skatlas; path = Sprites.atlas; sourceTree = "<group>"; };
		9753495A1D44DC320084B569 /* DefaultTetrominoGeneratorTest.swift */ = {isa = PBXFileReference; fileEncoding = 4; lastKnownFileType = sourcecode.swift; path = DefaultTetrominoGeneratorTest.swift; sourceTree = "<group>"; };
		975C591F1D5C09C800B3AB2A /* Launcher.swift */ = {isa = PBXFileReference; fileEncoding = 4; lastKnownFileType = sourcecode.swift; path = Launcher.swift; sourceTree = "<group>"; };
		975C59211D5C0B0800B3AB2A /* SpyTickHandler.swift */ = {isa = PBXFileReference; fileEncoding = 4; lastKnownFileType = sourcecode.swift; path = SpyTickHandler.swift; sourceTree = "<group>"; };
		975C59231D5C3D6100B3AB2A /* main.swift */ = {isa = PBXFileReference; fileEncoding = 4; lastKnownFileType = sourcecode.swift; path = main.swift; sourceTree = "<group>"; };
		975C59251D5C3DA300B3AB2A /* TestingAppDelegate.swift */ = {isa = PBXFileReference; fileEncoding = 4; lastKnownFileType = sourcecode.swift; path = TestingAppDelegate.swift; sourceTree = "<group>"; };
		977C67251D6838B500E1CE7D /* GameLauncher.swift */ = {isa = PBXFileReference; fileEncoding = 4; lastKnownFileType = sourcecode.swift; path = GameLauncher.swift; sourceTree = "<group>"; };
		977C67271D68618800E1CE7D /* DefaultTickHandler.swift */ = {isa = PBXFileReference; fileEncoding = 4; lastKnownFileType = sourcecode.swift; path = DefaultTickHandler.swift; sourceTree = "<group>"; };
		977C67291D68A51600E1CE7D /* TickHandler.swift */ = {isa = PBXFileReference; fileEncoding = 4; lastKnownFileType = sourcecode.swift; path = TickHandler.swift; sourceTree = "<group>"; };
		977C672B1D68A95000E1CE7D /* SpyLauncher.swift */ = {isa = PBXFileReference; fileEncoding = 4; lastKnownFileType = sourcecode.swift; path = SpyLauncher.swift; sourceTree = "<group>"; };
		97CD4F721D4C5D820055B47C /* SpriteKitTetrominoMoverTest.swift */ = {isa = PBXFileReference; fileEncoding = 4; lastKnownFileType = sourcecode.swift; path = SpriteKitTetrominoMoverTest.swift; sourceTree = "<group>"; };
		97CD4F741D4C5EB20055B47C /* SpriteKitTetrominoMover.swift */ = {isa = PBXFileReference; fileEncoding = 4; lastKnownFileType = sourcecode.swift; path = SpriteKitTetrominoMover.swift; sourceTree = "<group>"; };
		97CD4F761D4C63260055B47C /* Tetromino.swift */ = {isa = PBXFileReference; fileEncoding = 4; lastKnownFileType = sourcecode.swift; path = Tetromino.swift; sourceTree = "<group>"; };
		97D120951D3C820A007A7E2B /* TddTetris.app */ = {isa = PBXFileReference; explicitFileType = wrapper.application; includeInIndex = 0; path = TddTetris.app; sourceTree = BUILT_PRODUCTS_DIR; };
		97D120981D3C820A007A7E2B /* AppDelegate.swift */ = {isa = PBXFileReference; lastKnownFileType = sourcecode.swift; path = AppDelegate.swift; sourceTree = "<group>"; };
		97D120A31D3C820A007A7E2B /* Assets.xcassets */ = {isa = PBXFileReference; lastKnownFileType = folder.assetcatalog; path = Assets.xcassets; sourceTree = "<group>"; };
		97D120A81D3C820A007A7E2B /* Info.plist */ = {isa = PBXFileReference; lastKnownFileType = text.plist.xml; path = Info.plist; sourceTree = "<group>"; };
		97D120AD1D3C820A007A7E2B /* TddTetrisTests.xctest */ = {isa = PBXFileReference; explicitFileType = wrapper.cfbundle; includeInIndex = 0; path = TddTetrisTests.xctest; sourceTree = BUILT_PRODUCTS_DIR; };
		97D120B11D3C820A007A7E2B /* GameViewControllerTest.swift */ = {isa = PBXFileReference; lastKnownFileType = sourcecode.swift; path = GameViewControllerTest.swift; sourceTree = "<group>"; };
		97D120B31D3C820A007A7E2B /* Info.plist */ = {isa = PBXFileReference; lastKnownFileType = text.plist.xml; path = Info.plist; sourceTree = "<group>"; };
		97D120BC1D3C8412007A7E2B /* Default-568h@2x.png */ = {isa = PBXFileReference; lastKnownFileType = image.png; path = "Default-568h@2x.png"; sourceTree = "<group>"; };
		97D120C31D3CC485007A7E2B /* GameViewController.swift */ = {isa = PBXFileReference; fileEncoding = 4; lastKnownFileType = sourcecode.swift; path = GameViewController.swift; sourceTree = "<group>"; };
		97D120C61D3CCEF1007A7E2B /* Nimble.framework */ = {isa = PBXFileReference; lastKnownFileType = wrapper.framework; name = Nimble.framework; path = ../Carthage/Build/iOS/Nimble.framework; sourceTree = "<group>"; };
		97D120D11D3CD4C1007A7E2B /* SpriteKitGameView.swift */ = {isa = PBXFileReference; fileEncoding = 4; lastKnownFileType = sourcecode.swift; path = SpriteKitGameView.swift; sourceTree = "<group>"; };
		97D120D31D3CD5B8007A7E2B /* SpyGameView.swift */ = {isa = PBXFileReference; fileEncoding = 4; lastKnownFileType = sourcecode.swift; path = SpyGameView.swift; sourceTree = "<group>"; };
		97D120D51D3CDE9E007A7E2B /* ExtensionsForTest.swift */ = {isa = PBXFileReference; fileEncoding = 4; lastKnownFileType = sourcecode.swift; path = ExtensionsForTest.swift; sourceTree = "<group>"; };
		97D120D71D3D1AC3007A7E2B /* GameView.swift */ = {isa = PBXFileReference; fileEncoding = 4; lastKnownFileType = sourcecode.swift; path = GameView.swift; sourceTree = "<group>"; };
		97D120D91D3D1EF5007A7E2B /* SpriteKitGameViewTest.swift */ = {isa = PBXFileReference; fileEncoding = 4; lastKnownFileType = sourcecode.swift; path = SpriteKitGameViewTest.swift; sourceTree = "<group>"; };
		97DC642B1D3F36F900A17A17 /* SpyTetrominoGenerator.swift */ = {isa = PBXFileReference; fileEncoding = 4; lastKnownFileType = sourcecode.swift; path = SpyTetrominoGenerator.swift; sourceTree = "<group>"; };
		97E0CC671D6C7CB7000B2693 /* DefaultTickHandlerTest.swift */ = {isa = PBXFileReference; fileEncoding = 4; lastKnownFileType = sourcecode.swift; path = DefaultTickHandlerTest.swift; sourceTree = "<group>"; };
/* End PBXFileReference section */

/* Begin PBXFrameworksBuildPhase section */
		97D120921D3C820A007A7E2B /* Frameworks */ = {
			isa = PBXFrameworksBuildPhase;
			buildActionMask = 2147483647;
			files = (
			);
			runOnlyForDeploymentPostprocessing = 0;
		};
		97D120AA1D3C820A007A7E2B /* Frameworks */ = {
			isa = PBXFrameworksBuildPhase;
			buildActionMask = 2147483647;
			files = (
			);
			runOnlyForDeploymentPostprocessing = 0;
		};
/* End PBXFrameworksBuildPhase section */

/* Begin PBXGroup section */
		972329E81D55DEE700E23AA3 /* Game */ = {
			isa = PBXGroup;
			children = (
				97E0CC671D6C7CB7000B2693 /* DefaultTickHandlerTest.swift */,
				972329F31D5A081D00E23AA3 /* DefaultTimeKeeperTest.swift */,
				972329E91D55DEFA00E23AA3 /* GameLancherTest.swift */,
				977C672B1D68A95000E1CE7D /* SpyLauncher.swift */,
				975C59211D5C0B0800B3AB2A /* SpyTickHandler.swift */,
				972329F11D5A062400E23AA3 /* SpyTimeKeeper.swift */,
			);
			path = Game;
			sourceTree = "<group>";
		};
		975349581D449DEA0084B569 /* Tetrominos */ = {
			isa = PBXGroup;
			children = (
				975349521D43A3A50084B569 /* DefaultTetrominoGenerator.swift */,
				97CD4F741D4C5EB20055B47C /* SpriteKitTetrominoMover.swift */,
				975349541D43B8990084B569 /* SquareTetromino.swift */,
				972329EB1D56F03E00E23AA3 /* STetromino.swift */,
				97CD4F761D4C63260055B47C /* Tetromino.swift */,
				975349501D43A3530084B569 /* TetrominoGenerator.swift */,
			);
			path = Tetrominos;
			sourceTree = "<group>";
		};
		975349591D44DC230084B569 /* Tetrominos */ = {
			isa = PBXGroup;
			children = (
				9753495A1D44DC320084B569 /* DefaultTetrominoGeneratorTest.swift */,
				97CD4F721D4C5D820055B47C /* SpriteKitTetrominoMoverTest.swift */,
			);
			path = Tetrominos;
			sourceTree = "<group>";
		};
		97CCECA81D3FDF7A0066670A /* Resources */ = {
			isa = PBXGroup;
			children = (
				97CCECA91D3FDF7A0066670A /* Images */,
			);
			name = Resources;
			path = TddTetris/Resources;
			sourceTree = SOURCE_ROOT;
		};
		97CCECA91D3FDF7A0066670A /* Images */ = {
			isa = PBXGroup;
			children = (
				975349561D4477760084B569 /* Sprites.atlas */,
			);
			path = Images;
			sourceTree = "<group>";
		};
		97D1208C1D3C820A007A7E2B = {
			isa = PBXGroup;
			children = (
				97D120961D3C820A007A7E2B /* Products */,
				97D120971D3C820A007A7E2B /* TddTetris */,
				97D120B01D3C820A007A7E2B /* TddTetrisTests */,
			);
			sourceTree = "<group>";
		};
		97D120961D3C820A007A7E2B /* Products */ = {
			isa = PBXGroup;
			children = (
				97D120951D3C820A007A7E2B /* TddTetris.app */,
				97D120AD1D3C820A007A7E2B /* TddTetrisTests.xctest */,
			);
			name = Products;
			sourceTree = "<group>";
		};
		97D120971D3C820A007A7E2B /* TddTetris */ = {
			isa = PBXGroup;
			children = (
				97D120BE1D3C842F007A7E2B /* Application */,
				97D120CF1D3CD43B007A7E2B /* Components */,
				97CCECA81D3FDF7A0066670A /* Resources */,
				97D120C11D3CC485007A7E2B /* Screens */,
			);
			path = TddTetris;
			sourceTree = "<group>";
		};
		97D120B01D3C820A007A7E2B /* TddTetrisTests */ = {
			isa = PBXGroup;
			children = (
				97D120D01D3CD449007A7E2B /* Components */,
				97D120C01D3CC45D007A7E2B /* Screens */,
				97D120D51D3CDE9E007A7E2B /* ExtensionsForTest.swift */,
				97D120B31D3C820A007A7E2B /* Info.plist */,
				97D120C61D3CCEF1007A7E2B /* Nimble.framework */,
			);
			path = TddTetrisTests;
			sourceTree = "<group>";
		};
		97D120BE1D3C842F007A7E2B /* Application */ = {
			isa = PBXGroup;
			children = (
				97D120981D3C820A007A7E2B /* AppDelegate.swift */,
				97D120A31D3C820A007A7E2B /* Assets.xcassets */,
				97D120BC1D3C8412007A7E2B /* Default-568h@2x.png */,
				97D120A81D3C820A007A7E2B /* Info.plist */,
				975C59231D5C3D6100B3AB2A /* main.swift */,
				975C59251D5C3DA300B3AB2A /* TestingAppDelegate.swift */,
			);
			path = Application;
			sourceTree = "<group>";
		};
		97D120C01D3CC45D007A7E2B /* Screens */ = {
			isa = PBXGroup;
			children = (
				97D120B11D3C820A007A7E2B /* GameViewControllerTest.swift */,
				97D120D91D3D1EF5007A7E2B /* SpriteKitGameViewTest.swift */,
				97D120D31D3CD5B8007A7E2B /* SpyGameView.swift */,
				97DC642B1D3F36F900A17A17 /* SpyTetrominoGenerator.swift */,
			);
			path = Screens;
			sourceTree = "<group>";
		};
		97D120C11D3CC485007A7E2B /* Screens */ = {
			isa = PBXGroup;
			children = (
				97D120D71D3D1AC3007A7E2B /* GameView.swift */,
				97D120C31D3CC485007A7E2B /* GameViewController.swift */,
				97D120D11D3CD4C1007A7E2B /* SpriteKitGameView.swift */,
			);
			path = Screens;
			sourceTree = "<group>";
		};
		97D120CF1D3CD43B007A7E2B /* Components */ = {
			isa = PBXGroup;
			children = (
				97D960D21D537B7300F77DE0 /* Game */,
				975349581D449DEA0084B569 /* Tetrominos */,
			);
			path = Components;
			sourceTree = "<group>";
		};
		97D120D01D3CD449007A7E2B /* Components */ = {
			isa = PBXGroup;
			children = (
				972329E81D55DEE700E23AA3 /* Game */,
				975349591D44DC230084B569 /* Tetrominos */,
			);
			path = Components;
			sourceTree = "<group>";
		};
		97D960D21D537B7300F77DE0 /* Game */ = {
			isa = PBXGroup;
			children = (
				977C67271D68618800E1CE7D /* DefaultTickHandler.swift */,
				972329EF1D59F3CE00E23AA3 /* DefaultTimeKeeper.swift */,
				977C67251D6838B500E1CE7D /* GameLauncher.swift */,
				975C591F1D5C09C800B3AB2A /* Launcher.swift */,
				977C67291D68A51600E1CE7D /* TickHandler.swift */,
				972329ED1D5888D000E23AA3 /* TimeKeeper.swift */,
			);
			path = Game;
			sourceTree = "<group>";
		};
/* End PBXGroup section */

/* Begin PBXNativeTarget section */
		97D120941D3C820A007A7E2B /* TddTetris */ = {
			isa = PBXNativeTarget;
			buildConfigurationList = 97D120B61D3C820A007A7E2B /* Build configuration list for PBXNativeTarget "TddTetris" */;
			buildPhases = (
				97D120911D3C820A007A7E2B /* Sources */,
				97D120921D3C820A007A7E2B /* Frameworks */,
				97D120931D3C820A007A7E2B /* Resources */,
				97D120C81D3CCF5E007A7E2B /* CopyFiles */,
			);
			buildRules = (
			);
			dependencies = (
			);
			name = TddTetris;
			productName = TddTetris;
			productReference = 97D120951D3C820A007A7E2B /* TddTetris.app */;
			productType = "com.apple.product-type.application";
		};
		97D120AC1D3C820A007A7E2B /* TddTetrisTests */ = {
			isa = PBXNativeTarget;
			buildConfigurationList = 97D120B91D3C820A007A7E2B /* Build configuration list for PBXNativeTarget "TddTetrisTests" */;
			buildPhases = (
				97D120A91D3C820A007A7E2B /* Sources */,
				97D120AA1D3C820A007A7E2B /* Frameworks */,
				97D120AB1D3C820A007A7E2B /* Resources */,
				97D120CE1D3CCFEF007A7E2B /* ShellScript */,
				97D120CC1D3CCFDE007A7E2B /* CopyFiles */,
			);
			buildRules = (
			);
			dependencies = (
				97D120AF1D3C820A007A7E2B /* PBXTargetDependency */,
			);
			name = TddTetrisTests;
			productName = TddTetrisTests;
			productReference = 97D120AD1D3C820A007A7E2B /* TddTetrisTests.xctest */;
			productType = "com.apple.product-type.bundle.unit-test";
		};
/* End PBXNativeTarget section */

/* Begin PBXProject section */
		97D1208D1D3C820A007A7E2B /* Project object */ = {
			isa = PBXProject;
			attributes = {
				LastSwiftUpdateCheck = 0730;
				LastUpgradeCheck = 0730;
				ORGANIZATIONNAME = "Robert Gravina";
				TargetAttributes = {
					97D120941D3C820A007A7E2B = {
						CreatedOnToolsVersion = 7.3.1;
					};
					97D120AC1D3C820A007A7E2B = {
						CreatedOnToolsVersion = 7.3.1;
						TestTargetID = 97D120941D3C820A007A7E2B;
					};
				};
			};
			buildConfigurationList = 97D120901D3C820A007A7E2B /* Build configuration list for PBXProject "TddTetris" */;
			compatibilityVersion = "Xcode 3.2";
			developmentRegion = English;
			hasScannedForEncodings = 0;
			knownRegions = (
				en,
				Base,
			);
			mainGroup = 97D1208C1D3C820A007A7E2B;
			productRefGroup = 97D120961D3C820A007A7E2B /* Products */;
			projectDirPath = "";
			projectRoot = "";
			targets = (
				97D120941D3C820A007A7E2B /* TddTetris */,
				97D120AC1D3C820A007A7E2B /* TddTetrisTests */,
			);
		};
/* End PBXProject section */

/* Begin PBXResourcesBuildPhase section */
		97D120931D3C820A007A7E2B /* Resources */ = {
			isa = PBXResourcesBuildPhase;
			buildActionMask = 2147483647;
			files = (
				97D120A41D3C820A007A7E2B /* Assets.xcassets in Resources */,
				97D120BD1D3C8412007A7E2B /* Default-568h@2x.png in Resources */,
				975349571D4477760084B569 /* Sprites.atlas in Resources */,
			);
			runOnlyForDeploymentPostprocessing = 0;
		};
		97D120AB1D3C820A007A7E2B /* Resources */ = {
			isa = PBXResourcesBuildPhase;
			buildActionMask = 2147483647;
			files = (
			);
			runOnlyForDeploymentPostprocessing = 0;
		};
/* End PBXResourcesBuildPhase section */

/* Begin PBXShellScriptBuildPhase section */
		97D120CE1D3CCFEF007A7E2B /* ShellScript */ = {
			isa = PBXShellScriptBuildPhase;
			buildActionMask = 2147483647;
			files = (
			);
			inputPaths = (
				"$(SRCROOT)/Carthage/Build/iOS/Nimble.framework",
			);
			outputPaths = (
			);
			runOnlyForDeploymentPostprocessing = 0;
			shellPath = /bin/sh;
			shellScript = "/usr/local/bin/carthage copy-frameworks";
		};
/* End PBXShellScriptBuildPhase section */

/* Begin PBXSourcesBuildPhase section */
		97D120911D3C820A007A7E2B /* Sources */ = {
			isa = PBXSourcesBuildPhase;
			buildActionMask = 2147483647;
			files = (
				97D120991D3C820A007A7E2B /* AppDelegate.swift in Sources */,
				975349531D43A3A50084B569 /* DefaultTetrominoGenerator.swift in Sources */,
				977C67281D68618800E1CE7D /* DefaultTickHandler.swift in Sources */,
				972329F01D59F3CE00E23AA3 /* DefaultTimeKeeper.swift in Sources */,
				977C67261D6838B500E1CE7D /* GameLauncher.swift in Sources */,
				97D120D81D3D1AC3007A7E2B /* GameView.swift in Sources */,
				97D120C51D3CC485007A7E2B /* GameViewController.swift in Sources */,
				975C59201D5C09C800B3AB2A /* Launcher.swift in Sources */,
				975C59241D5C3D6100B3AB2A /* main.swift in Sources */,
				97D120D21D3CD4C1007A7E2B /* SpriteKitGameView.swift in Sources */,
				97CD4F751D4C5EB20055B47C /* SpriteKitTetrominoMover.swift in Sources */,
				975349551D43B8990084B569 /* SquareTetromino.swift in Sources */,
				972329EC1D56F03E00E23AA3 /* STetromino.swift in Sources */,
				975C59261D5C3DA300B3AB2A /* TestingAppDelegate.swift in Sources */,
				97CD4F771D4C63260055B47C /* Tetromino.swift in Sources */,
				975349511D43A3530084B569 /* TetrominoGenerator.swift in Sources */,
				977C672A1D68A51600E1CE7D /* TickHandler.swift in Sources */,
				972329EE1D5888D000E23AA3 /* TimeKeeper.swift in Sources */,
			);
			runOnlyForDeploymentPostprocessing = 0;
		};
		97D120A91D3C820A007A7E2B /* Sources */ = {
			isa = PBXSourcesBuildPhase;
			buildActionMask = 2147483647;
			files = (
				9753495B1D44DC320084B569 /* DefaultTetrominoGeneratorTest.swift in Sources */,
				97E0CC681D6C7CB7000B2693 /* DefaultTickHandlerTest.swift in Sources */,
				972329F41D5A081D00E23AA3 /* DefaultTimeKeeperTest.swift in Sources */,
				97D120D61D3CDE9E007A7E2B /* ExtensionsForTest.swift in Sources */,
				972329EA1D55DEFA00E23AA3 /* GameLancherTest.swift in Sources */,
				97D120B21D3C820A007A7E2B /* GameViewControllerTest.swift in Sources */,
				97D120DA1D3D1EF5007A7E2B /* SpriteKitGameViewTest.swift in Sources */,
				97CD4F731D4C5D820055B47C /* SpriteKitTetrominoMoverTest.swift in Sources */,
				97D120D41D3CD5B8007A7E2B /* SpyGameView.swift in Sources */,
				977C672C1D68A95000E1CE7D /* SpyLauncher.swift in Sources */,
				97DC642C1D3F36F900A17A17 /* SpyTetrominoGenerator.swift in Sources */,
				975C59221D5C0B0800B3AB2A /* SpyTickHandler.swift in Sources */,
				972329F21D5A062400E23AA3 /* SpyTimeKeeper.swift in Sources */,
			);
			runOnlyForDeploymentPostprocessing = 0;
		};
/* End PBXSourcesBuildPhase section */

/* Begin PBXTargetDependency section */
		97D120AF1D3C820A007A7E2B /* PBXTargetDependency */ = {
			isa = PBXTargetDependency;
			target = 97D120941D3C820A007A7E2B /* TddTetris */;
			targetProxy = 97D120AE1D3C820A007A7E2B /* PBXContainerItemProxy */;
		};
/* End PBXTargetDependency section */

/* Begin XCBuildConfiguration section */
		97D120B41D3C820A007A7E2B /* Debug */ = {
			isa = XCBuildConfiguration;
			buildSettings = {
				ALWAYS_SEARCH_USER_PATHS = NO;
				CLANG_ANALYZER_NONNULL = YES;
				CLANG_CXX_LANGUAGE_STANDARD = "gnu++0x";
				CLANG_CXX_LIBRARY = "libc++";
				CLANG_ENABLE_MODULES = YES;
				CLANG_ENABLE_OBJC_ARC = YES;
				CLANG_WARN_BOOL_CONVERSION = YES;
				CLANG_WARN_CONSTANT_CONVERSION = YES;
				CLANG_WARN_DIRECT_OBJC_ISA_USAGE = YES_ERROR;
				CLANG_WARN_EMPTY_BODY = YES;
				CLANG_WARN_ENUM_CONVERSION = YES;
				CLANG_WARN_INT_CONVERSION = YES;
				CLANG_WARN_OBJC_ROOT_CLASS = YES_ERROR;
				CLANG_WARN_UNREACHABLE_CODE = YES;
				CLANG_WARN__DUPLICATE_METHOD_MATCH = YES;
				"CODE_SIGN_IDENTITY[sdk=iphoneos*]" = "iPhone Developer";
				COPY_PHASE_STRIP = NO;
				DEBUG_INFORMATION_FORMAT = "dwarf-with-dsym";
				ENABLE_STRICT_OBJC_MSGSEND = YES;
				ENABLE_TESTABILITY = YES;
				GCC_C_LANGUAGE_STANDARD = gnu99;
				GCC_DYNAMIC_NO_PIC = NO;
				GCC_NO_COMMON_BLOCKS = YES;
				GCC_OPTIMIZATION_LEVEL = 0;
				GCC_PREPROCESSOR_DEFINITIONS = (
					"DEBUG=1",
					"$(inherited)",
				);
				GCC_WARN_64_TO_32_BIT_CONVERSION = YES;
				GCC_WARN_ABOUT_RETURN_TYPE = YES_ERROR;
				GCC_WARN_UNDECLARED_SELECTOR = YES;
				GCC_WARN_UNINITIALIZED_AUTOS = YES_AGGRESSIVE;
				GCC_WARN_UNUSED_FUNCTION = YES;
				GCC_WARN_UNUSED_VARIABLE = YES;
				IPHONEOS_DEPLOYMENT_TARGET = 9.3;
				MTL_ENABLE_DEBUG_INFO = YES;
				ONLY_ACTIVE_ARCH = YES;
				SDKROOT = iphoneos;
				SWIFT_OPTIMIZATION_LEVEL = "-Onone";
			};
			name = Debug;
		};
		97D120B51D3C820A007A7E2B /* Release */ = {
			isa = XCBuildConfiguration;
			buildSettings = {
				ALWAYS_SEARCH_USER_PATHS = NO;
				CLANG_ANALYZER_NONNULL = YES;
				CLANG_CXX_LANGUAGE_STANDARD = "gnu++0x";
				CLANG_CXX_LIBRARY = "libc++";
				CLANG_ENABLE_MODULES = YES;
				CLANG_ENABLE_OBJC_ARC = YES;
				CLANG_WARN_BOOL_CONVERSION = YES;
				CLANG_WARN_CONSTANT_CONVERSION = YES;
				CLANG_WARN_DIRECT_OBJC_ISA_USAGE = YES_ERROR;
				CLANG_WARN_EMPTY_BODY = YES;
				CLANG_WARN_ENUM_CONVERSION = YES;
				CLANG_WARN_INT_CONVERSION = YES;
				CLANG_WARN_OBJC_ROOT_CLASS = YES_ERROR;
				CLANG_WARN_UNREACHABLE_CODE = YES;
				CLANG_WARN__DUPLICATE_METHOD_MATCH = YES;
				"CODE_SIGN_IDENTITY[sdk=iphoneos*]" = "iPhone Developer";
				COPY_PHASE_STRIP = NO;
				DEBUG_INFORMATION_FORMAT = "dwarf-with-dsym";
				ENABLE_NS_ASSERTIONS = NO;
				ENABLE_STRICT_OBJC_MSGSEND = YES;
				GCC_C_LANGUAGE_STANDARD = gnu99;
				GCC_NO_COMMON_BLOCKS = YES;
				GCC_WARN_64_TO_32_BIT_CONVERSION = YES;
				GCC_WARN_ABOUT_RETURN_TYPE = YES_ERROR;
				GCC_WARN_UNDECLARED_SELECTOR = YES;
				GCC_WARN_UNINITIALIZED_AUTOS = YES_AGGRESSIVE;
				GCC_WARN_UNUSED_FUNCTION = YES;
				GCC_WARN_UNUSED_VARIABLE = YES;
				IPHONEOS_DEPLOYMENT_TARGET = 9.3;
				MTL_ENABLE_DEBUG_INFO = NO;
				SDKROOT = iphoneos;
				VALIDATE_PRODUCT = YES;
			};
			name = Release;
		};
		97D120B71D3C820A007A7E2B /* Debug */ = {
			isa = XCBuildConfiguration;
			buildSettings = {
				ASSETCATALOG_COMPILER_APPICON_NAME = AppIcon;
				FRAMEWORK_SEARCH_PATHS = (
					"$(inherited)",
					"$(PROJECT_DIR)/Carthage/Build/iOS",
				);
				INFOPLIST_FILE = "$(SRCROOT)/TddTetris/Application/Info.plist";
				LD_RUNPATH_SEARCH_PATHS = "$(inherited) @executable_path/Frameworks";
				PRODUCT_BUNDLE_IDENTIFIER = com.gravina.robert.TddTetris;
				PRODUCT_NAME = "$(TARGET_NAME)";
			};
			name = Debug;
		};
		97D120B81D3C820A007A7E2B /* Release */ = {
			isa = XCBuildConfiguration;
			buildSettings = {
				ASSETCATALOG_COMPILER_APPICON_NAME = AppIcon;
				FRAMEWORK_SEARCH_PATHS = (
					"$(inherited)",
					"$(PROJECT_DIR)/Carthage/Build/iOS",
				);
				INFOPLIST_FILE = "$(SRCROOT)/TddTetris/Application/Info.plist";
				LD_RUNPATH_SEARCH_PATHS = "$(inherited) @executable_path/Frameworks";
				PRODUCT_BUNDLE_IDENTIFIER = com.gravina.robert.TddTetris;
				PRODUCT_NAME = "$(TARGET_NAME)";
			};
			name = Release;
		};
		97D120BA1D3C820A007A7E2B /* Debug */ = {
			isa = XCBuildConfiguration;
			buildSettings = {
				BUNDLE_LOADER = "$(TEST_HOST)";
				DEBUG_INFORMATION_FORMAT = dwarf;
				FRAMEWORK_SEARCH_PATHS = "$(PROJECT_DIR)/Carthage/Build/iOS";
				INFOPLIST_FILE = TddTetrisTests/Info.plist;
				LD_RUNPATH_SEARCH_PATHS = "$(inherited) @executable_path/Frameworks @loader_path/Frameworks";
				PRODUCT_BUNDLE_IDENTIFIER = com.gravina.robert.TddTetrisTests;
				PRODUCT_NAME = "$(TARGET_NAME)";
				TEST_HOST = "$(BUILT_PRODUCTS_DIR)/TddTetris.app/TddTetris";
			};
			name = Debug;
		};
		97D120BB1D3C820A007A7E2B /* Release */ = {
			isa = XCBuildConfiguration;
			buildSettings = {
				BUNDLE_LOADER = "$(TEST_HOST)";
				FRAMEWORK_SEARCH_PATHS = "$(PROJECT_DIR)/Carthage/Build/iOS";
				INFOPLIST_FILE = TddTetrisTests/Info.plist;
				LD_RUNPATH_SEARCH_PATHS = "$(inherited) @executable_path/Frameworks @loader_path/Frameworks";
				PRODUCT_BUNDLE_IDENTIFIER = com.gravina.robert.TddTetrisTests;
				PRODUCT_NAME = "$(TARGET_NAME)";
				TEST_HOST = "$(BUILT_PRODUCTS_DIR)/TddTetris.app/TddTetris";
			};
			name = Release;
		};
/* End XCBuildConfiguration section */

/* Begin XCConfigurationList section */
		97D120901D3C820A007A7E2B /* Build configuration list for PBXProject "TddTetris" */ = {
			isa = XCConfigurationList;
			buildConfigurations = (
				97D120B41D3C820A007A7E2B /* Debug */,
				97D120B51D3C820A007A7E2B /* Release */,
			);
			defaultConfigurationIsVisible = 0;
			defaultConfigurationName = Release;
		};
		97D120B61D3C820A007A7E2B /* Build configuration list for PBXNativeTarget "TddTetris" */ = {
			isa = XCConfigurationList;
			buildConfigurations = (
				97D120B71D3C820A007A7E2B /* Debug */,
				97D120B81D3C820A007A7E2B /* Release */,
			);
			defaultConfigurationIsVisible = 0;
			defaultConfigurationName = Release;
		};
		97D120B91D3C820A007A7E2B /* Build configuration list for PBXNativeTarget "TddTetrisTests" */ = {
			isa = XCConfigurationList;
			buildConfigurations = (
				97D120BA1D3C820A007A7E2B /* Debug */,
				97D120BB1D3C820A007A7E2B /* Release */,
			);
			defaultConfigurationIsVisible = 0;
			defaultConfigurationName = Release;
		};
/* End XCConfigurationList section */
	};
	rootObject = 97D1208D1D3C820A007A7E2B /* Project object */;
}
